
Microsoft Visual Studio Solution File, Format Version 12.00
# Visual Studio Version 17
VisualStudioVersion = 17.4.33205.214
MinimumVisualStudioVersion = 10.0.40219.1
Project("{9A19103F-16F7-4668-BE54-9A1E7A4F7556}") = "CsharpProject", "CsharpProject\CsharpProject.csproj", "{11C5DFFA-63A5-4E8E-A0AD-97ED7D6F2ACB}"
EndProject
Project("{9A19103F-16F7-4668-BE54-9A1E7A4F7556}") = "CsharpAssignment", "..\..\Users\snehaps\source\repos\CsharpAssignment\CsharpAssignment.csproj", "{EC7AE3CA-8122-4409-AD0F-2855745EFD78}"
EndProject
Project("{9A19103F-16F7-4668-BE54-9A1E7A4F7556}") = "CsharpConcept", "..\..\Users\snehaps\source\repos\CsharpConcept\CsharpConcept.csproj", "{B2B4D60C-1A54-43FD-85D7-DF7CDC8A5655}"
EndProject
Project("{9A19103F-16F7-4668-BE54-9A1E7A4F7556}") = "EmployeeProject", "EmployeeProject\EmployeeProject.csproj", "{EF192CB0-5958-44E2-B331-65C4B287659E}"
EndProject
Project("{9A19103F-16F7-4668-BE54-9A1E7A4F7556}") = "SchoolManagement", "SchoolManagement\SchoolManagement.csproj", "{190CDAED-3CAD-4F4E-9647-77C9522745F4}"
EndProject
Project("{9A19103F-16F7-4668-BE54-9A1E7A4F7556}") = "CsharpAssignmentDay3", "CsharpAssignmentDay3\CsharpAssignmentDay3.csproj", "{8C753BAD-26CE-47C4-840C-4B9ED22813A3}"
EndProject
Project("{FAE04EC0-301F-11D3-BF4B-00C04F79EFBC}") = "ShoppingCartProject", "ShoppingCartProject\ShoppingCartProject.csproj", "{5B3B98F5-8544-41E9-8590-A95F1707950A}"
EndProject
Project("{FAE04EC0-301F-11D3-BF4B-00C04F79EFBC}") = "SeleniumConcept", "SeleniumConcept\SeleniumConcept.csproj", "{A777C445-2A15-403C-8E70-7B7D4C8B22FD}"
EndProject
Project("{FAE04EC0-301F-11D3-BF4B-00C04F79EFBC}") = "Facebook", "Facebook\Facebook.csproj", "{52B8BFAC-B89D-4AED-997F-31E3B4084B5E}"
EndProject
Project("{FAE04EC0-301F-11D3-BF4B-00C04F79EFBC}") = "ParabankProject", "ParabankProject\ParabankProject.csproj", "{E29FD5AA-8442-4496-85AA-00D2D817E12D}"
EndProject
Project("{FAE04EC0-301F-11D3-BF4B-00C04F79EFBC}") = "SalesforceProject", "SalesforceProject\SalesforceProject.csproj", "{02A83F27-4EFB-4161-A67F-193F725694BF}"
EndProject
Project("{FAE04EC0-301F-11D3-BF4B-00C04F79EFBC}") = "DemoguruProject", "DemoguruProject\DemoguruProject.csproj", "{AA0D52D2-9D37-419E-BC2B-3439BF310C05}"
EndProject
Project("{FAE04EC0-301F-11D3-BF4B-00C04F79EFBC}") = "GotoProject", "GotoProject\GotoProject.csproj", "{6CFFC813-9EFA-4C2D-B21A-2D133598FCBA}"
EndProject
Project("{FAE04EC0-301F-11D3-BF4B-00C04F79EFBC}") = "MedibuddyProject", "MedibuddyProject\MedibuddyProject.csproj", "{B65A2D87-499C-409B-9DD6-A07828E611C7}"
EndProject
Project("{FAE04EC0-301F-11D3-BF4B-00C04F79EFBC}") = "NasscommProject", "NasscommProject\NasscommProject.csproj", "{B55031F0-4A8E-4547-913C-113EB0FCB6B0}"
EndProject
Project("{FAE04EC0-301F-11D3-BF4B-00C04F79EFBC}") = "OracleProject", "OracleProject\OracleProject.csproj", "{0276B2B2-007F-4B08-BCAE-CE095ADD0239}"
EndProject
Project("{FAE04EC0-301F-11D3-BF4B-00C04F79EFBC}") = "SeleniumAdvanceP", "SeleniumAdvanceP\SeleniumAdvanceP.csproj", "{554BAFBC-EFA7-49DF-87F0-ABDC5C0794FE}"
EndProject
Global
	GlobalSection(SolutionConfigurationPlatforms) = preSolution
		Debug|Any CPU = Debug|Any CPU
		Release|Any CPU = Release|Any CPU
	EndGlobalSection
	GlobalSection(ProjectConfigurationPlatforms) = postSolution
		{11C5DFFA-63A5-4E8E-A0AD-97ED7D6F2ACB}.Debug|Any CPU.ActiveCfg = Debug|Any CPU
		{11C5DFFA-63A5-4E8E-A0AD-97ED7D6F2ACB}.Debug|Any CPU.Build.0 = Debug|Any CPU
		{11C5DFFA-63A5-4E8E-A0AD-97ED7D6F2ACB}.Release|Any CPU.ActiveCfg = Release|Any CPU
		{11C5DFFA-63A5-4E8E-A0AD-97ED7D6F2ACB}.Release|Any CPU.Build.0 = Release|Any CPU
		{EC7AE3CA-8122-4409-AD0F-2855745EFD78}.Debug|Any CPU.ActiveCfg = Debug|Any CPU
		{EC7AE3CA-8122-4409-AD0F-2855745EFD78}.Debug|Any CPU.Build.0 = Debug|Any CPU
		{EC7AE3CA-8122-4409-AD0F-2855745EFD78}.Release|Any CPU.ActiveCfg = Release|Any CPU
		{EC7AE3CA-8122-4409-AD0F-2855745EFD78}.Release|Any CPU.Build.0 = Release|Any CPU
		{B2B4D60C-1A54-43FD-85D7-DF7CDC8A5655}.Debug|Any CPU.ActiveCfg = Debug|Any CPU
		{B2B4D60C-1A54-43FD-85D7-DF7CDC8A5655}.Debug|Any CPU.Build.0 = Debug|Any CPU
		{B2B4D60C-1A54-43FD-85D7-DF7CDC8A5655}.Release|Any CPU.ActiveCfg = Release|Any CPU
		{B2B4D60C-1A54-43FD-85D7-DF7CDC8A5655}.Release|Any CPU.Build.0 = Release|Any CPU
		{EF192CB0-5958-44E2-B331-65C4B287659E}.Debug|Any CPU.ActiveCfg = Debug|Any CPU
		{EF192CB0-5958-44E2-B331-65C4B287659E}.Debug|Any CPU.Build.0 = Debug|Any CPU
		{EF192CB0-5958-44E2-B331-65C4B287659E}.Release|Any CPU.ActiveCfg = Release|Any CPU
		{EF192CB0-5958-44E2-B331-65C4B287659E}.Release|Any CPU.Build.0 = Release|Any CPU
		{190CDAED-3CAD-4F4E-9647-77C9522745F4}.Debug|Any CPU.ActiveCfg = Debug|Any CPU
		{190CDAED-3CAD-4F4E-9647-77C9522745F4}.Debug|Any CPU.Build.0 = Debug|Any CPU
		{190CDAED-3CAD-4F4E-9647-77C9522745F4}.Release|Any CPU.ActiveCfg = Release|Any CPU
		{190CDAED-3CAD-4F4E-9647-77C9522745F4}.Release|Any CPU.Build.0 = Release|Any CPU
		{8C753BAD-26CE-47C4-840C-4B9ED22813A3}.Debug|Any CPU.ActiveCfg = Debug|Any CPU
		{8C753BAD-26CE-47C4-840C-4B9ED22813A3}.Debug|Any CPU.Build.0 = Debug|Any CPU
		{8C753BAD-26CE-47C4-840C-4B9ED22813A3}.Release|Any CPU.ActiveCfg = Release|Any CPU
		{8C753BAD-26CE-47C4-840C-4B9ED22813A3}.Release|Any CPU.Build.0 = Release|Any CPU
		{5B3B98F5-8544-41E9-8590-A95F1707950A}.Debug|Any CPU.ActiveCfg = Debug|Any CPU
		{5B3B98F5-8544-41E9-8590-A95F1707950A}.Debug|Any CPU.Build.0 = Debug|Any CPU
		{5B3B98F5-8544-41E9-8590-A95F1707950A}.Release|Any CPU.ActiveCfg = Release|Any CPU
		{5B3B98F5-8544-41E9-8590-A95F1707950A}.Release|Any CPU.Build.0 = Release|Any CPU
		{A777C445-2A15-403C-8E70-7B7D4C8B22FD}.Debug|Any CPU.ActiveCfg = Debug|Any CPU
		{A777C445-2A15-403C-8E70-7B7D4C8B22FD}.Debug|Any CPU.Build.0 = Debug|Any CPU
		{A777C445-2A15-403C-8E70-7B7D4C8B22FD}.Release|Any CPU.ActiveCfg = Release|Any CPU
		{A777C445-2A15-403C-8E70-7B7D4C8B22FD}.Release|Any CPU.Build.0 = Release|Any CPU
		{52B8BFAC-B89D-4AED-997F-31E3B4084B5E}.Debug|Any CPU.ActiveCfg = Debug|Any CPU
		{52B8BFAC-B89D-4AED-997F-31E3B4084B5E}.Debug|Any CPU.Build.0 = Debug|Any CPU
		{52B8BFAC-B89D-4AED-997F-31E3B4084B5E}.Release|Any CPU.ActiveCfg = Release|Any CPU
		{52B8BFAC-B89D-4AED-997F-31E3B4084B5E}.Release|Any CPU.Build.0 = Release|Any CPU
		{E29FD5AA-8442-4496-85AA-00D2D817E12D}.Debug|Any CPU.ActiveCfg = Debug|Any CPU
		{E29FD5AA-8442-4496-85AA-00D2D817E12D}.Debug|Any CPU.Build.0 = Debug|Any CPU
		{E29FD5AA-8442-4496-85AA-00D2D817E12D}.Release|Any CPU.ActiveCfg = Release|Any CPU
		{E29FD5AA-8442-4496-85AA-00D2D817E12D}.Release|Any CPU.Build.0 = Release|Any CPU
		{02A83F27-4EFB-4161-A67F-193F725694BF}.Debug|Any CPU.ActiveCfg = Debug|Any CPU
		{02A83F27-4EFB-4161-A67F-193F725694BF}.Debug|Any CPU.Build.0 = Debug|Any CPU
		{02A83F27-4EFB-4161-A67F-193F725694BF}.Release|Any CPU.ActiveCfg = Release|Any CPU
		{02A83F27-4EFB-4161-A67F-193F725694BF}.Release|Any CPU.Build.0 = Release|Any CPU
		{AA0D52D2-9D37-419E-BC2B-3439BF310C05}.Debug|Any CPU.ActiveCfg = Debug|Any CPU
		{AA0D52D2-9D37-419E-BC2B-3439BF310C05}.Debug|Any CPU.Build.0 = Debug|Any CPU
		{AA0D52D2-9D37-419E-BC2B-3439BF310C05}.Release|Any CPU.ActiveCfg = Release|Any CPU
		{AA0D52D2-9D37-419E-BC2B-3439BF310C05}.Release|Any CPU.Build.0 = Release|Any CPU
		{6CFFC813-9EFA-4C2D-B21A-2D133598FCBA}.Debug|Any CPU.ActiveCfg = Debug|Any CPU
		{6CFFC813-9EFA-4C2D-B21A-2D133598FCBA}.Debug|Any CPU.Build.0 = Debug|Any CPU
		{6CFFC813-9EFA-4C2D-B21A-2D133598FCBA}.Release|Any CPU.ActiveCfg = Release|Any CPU
		{6CFFC813-9EFA-4C2D-B21A-2D133598FCBA}.Release|Any CPU.Build.0 = Release|Any CPU
		{B65A2D87-499C-409B-9DD6-A07828E611C7}.Debug|Any CPU.ActiveCfg = Debug|Any CPU
		{B65A2D87-499C-409B-9DD6-A07828E611C7}.Debug|Any CPU.Build.0 = Debug|Any CPU
		{B65A2D87-499C-409B-9DD6-A07828E611C7}.Release|Any CPU.ActiveCfg = Release|Any CPU
		{B65A2D87-499C-409B-9DD6-A07828E611C7}.Release|Any CPU.Build.0 = Release|Any CPU
		{B55031F0-4A8E-4547-913C-113EB0FCB6B0}.Debug|Any CPU.ActiveCfg = Debug|Any CPU
		{B55031F0-4A8E-4547-913C-113EB0FCB6B0}.Debug|Any CPU.Build.0 = Debug|Any CPU
		{B55031F0-4A8E-4547-913C-113EB0FCB6B0}.Release|Any CPU.ActiveCfg = Release|Any CPU
		{B55031F0-4A8E-4547-913C-113EB0FCB6B0}.Release|Any CPU.Build.0 = Release|Any CPU
		{0276B2B2-007F-4B08-BCAE-CE095ADD0239}.Debug|Any CPU.ActiveCfg = Debug|Any CPU
		{0276B2B2-007F-4B08-BCAE-CE095ADD0239}.Debug|Any CPU.Build.0 = Debug|Any CPU
		{0276B2B2-007F-4B08-BCAE-CE095ADD0239}.Release|Any CPU.ActiveCfg = Release|Any CPU
		{0276B2B2-007F-4B08-BCAE-CE095ADD0239}.Release|Any CPU.Build.0 = Release|Any CPU
		{554BAFBC-EFA7-49DF-87F0-ABDC5C0794FE}.Debug|Any CPU.ActiveCfg = Debug|Any CPU
		{554BAFBC-EFA7-49DF-87F0-ABDC5C0794FE}.Debug|Any CPU.Build.0 = Debug|Any CPU
		{554BAFBC-EFA7-49DF-87F0-ABDC5C0794FE}.Release|Any CPU.ActiveCfg = Release|Any CPU
		{554BAFBC-EFA7-49DF-87F0-ABDC5C0794FE}.Release|Any CPU.Build.0 = Release|Any CPU
	EndGlobalSection
	GlobalSection(SolutionProperties) = preSolution
		HideSolutionNode = FALSE
	EndGlobalSection
	GlobalSection(ExtensibilityGlobals) = postSolution
		SolutionGuid = {16F10717-D583-4B38-AF86-3D382A935F99}
	EndGlobalSection
EndGlobal
